
Microsoft Visual Studio Solution File, Format Version 12.00
# Visual Studio Version 16
VisualStudioVersion = 16.0.32106.194
MinimumVisualStudioVersion = 10.0.40219.1
Project("{FAE04EC0-301F-11D3-BF4B-00C04F79EFBC}") = "homework-theme-18", "homework-theme-18.csproj", "{199BB263-194E-4C65-8754-9F19282EB73B}"
EndProject
Global
	GlobalSection(SolutionConfigurationPlatforms) = preSolution
		Debug|Any CPU = Debug|Any CPU
		Release|Any CPU = Release|Any CPU
	EndGlobalSection
	GlobalSection(ProjectConfigurationPlatforms) = postSolution
		{199BB263-194E-4C65-8754-9F19282EB73B}.Debug|Any CPU.ActiveCfg = Debug|Any CPU
		{199BB263-194E-4C65-8754-9F19282EB73B}.Debug|Any CPU.Build.0 = Debug|Any CPU
		{199BB263-194E-4C65-8754-9F19282EB73B}.Release|Any CPU.ActiveCfg = Release|Any CPU
		{199BB263-194E-4C65-8754-9F19282EB73B}.Release|Any CPU.Build.0 = Release|Any CPU
	EndGlobalSection
	GlobalSection(SolutionProperties) = preSolution
		HideSolutionNode = FALSE
	EndGlobalSection
	GlobalSection(ExtensibilityGlobals) = postSolution
		SolutionGuid = {0F1846B8-CB4E-4397-8444-B6D6E3D4C9D2}
	EndGlobalSection
EndGlobal
